
Microsoft Visual Studio Solution File, Format Version 12.00
# Visual Studio 15
VisualStudioVersion = 15.0.27703.2026
MinimumVisualStudioVersion = 10.0.40219.1
Project("{FAE04EC0-301F-11D3-BF4B-00C04F79EFBC}") = "ModernStore.Domain", "ModernStore.Domain\ModernStore.Domain.csproj", "{E0D5F48B-45E2-466B-B341-319AD79D0B35}"
EndProject
Project("{FAE04EC0-301F-11D3-BF4B-00C04F79EFBC}") = "ModernStore.Shared", "ModernStore.Shared\ModernStore.Shared.csproj", "{D276CD58-3449-421F-BFB7-46263C71257C}"
EndProject
Project("{FAE04EC0-301F-11D3-BF4B-00C04F79EFBC}") = "ModernStore.Infra", "ModernStore.Infra\ModernStore.Infra.csproj", "{B7A34CAA-35C0-41D8-9503-F82FD12571B2}"
EndProject
Project("{2150E333-8FDC-42A3-9474-1A3956D46DE8}") = "API", "API", "{41A7318F-2078-46E6-910B-51200EF77D3C}"
EndProject
Project("{2150E333-8FDC-42A3-9474-1A3956D46DE8}") = "Domain", "Domain", "{50D7DC6B-77DD-4CCF-9F28-DD0A236E3BE6}"
EndProject
Project("{2150E333-8FDC-42A3-9474-1A3956D46DE8}") = "Infra", "Infra", "{7D80C131-7ED3-42FA-9086-6116D94DBE09}"
EndProject
Global
	GlobalSection(SolutionConfigurationPlatforms) = preSolution
		Debug|Any CPU = Debug|Any CPU
		Release|Any CPU = Release|Any CPU
	EndGlobalSection
	GlobalSection(ProjectConfigurationPlatforms) = postSolution
		{E0D5F48B-45E2-466B-B341-319AD79D0B35}.Debug|Any CPU.ActiveCfg = Debug|Any CPU
		{E0D5F48B-45E2-466B-B341-319AD79D0B35}.Debug|Any CPU.Build.0 = Debug|Any CPU
		{E0D5F48B-45E2-466B-B341-319AD79D0B35}.Release|Any CPU.ActiveCfg = Release|Any CPU
		{E0D5F48B-45E2-466B-B341-319AD79D0B35}.Release|Any CPU.Build.0 = Release|Any CPU
		{D276CD58-3449-421F-BFB7-46263C71257C}.Debug|Any CPU.ActiveCfg = Debug|Any CPU
		{D276CD58-3449-421F-BFB7-46263C71257C}.Debug|Any CPU.Build.0 = Debug|Any CPU
		{D276CD58-3449-421F-BFB7-46263C71257C}.Release|Any CPU.ActiveCfg = Release|Any CPU
		{D276CD58-3449-421F-BFB7-46263C71257C}.Release|Any CPU.Build.0 = Release|Any CPU
		{B7A34CAA-35C0-41D8-9503-F82FD12571B2}.Debug|Any CPU.ActiveCfg = Debug|Any CPU
		{B7A34CAA-35C0-41D8-9503-F82FD12571B2}.Debug|Any CPU.Build.0 = Debug|Any CPU
		{B7A34CAA-35C0-41D8-9503-F82FD12571B2}.Release|Any CPU.ActiveCfg = Release|Any CPU
		{B7A34CAA-35C0-41D8-9503-F82FD12571B2}.Release|Any CPU.Build.0 = Release|Any CPU
	EndGlobalSection
	GlobalSection(SolutionProperties) = preSolution
		HideSolutionNode = FALSE
	EndGlobalSection
	GlobalSection(NestedProjects) = preSolution
		{E0D5F48B-45E2-466B-B341-319AD79D0B35} = {50D7DC6B-77DD-4CCF-9F28-DD0A236E3BE6}
		{D276CD58-3449-421F-BFB7-46263C71257C} = {50D7DC6B-77DD-4CCF-9F28-DD0A236E3BE6}
		{B7A34CAA-35C0-41D8-9503-F82FD12571B2} = {7D80C131-7ED3-42FA-9086-6116D94DBE09}
	EndGlobalSection
	GlobalSection(ExtensibilityGlobals) = postSolution
		SolutionGuid = {BB705DCC-C420-4160-9641-CBFEF4CC2845}
	EndGlobalSection
EndGlobal
